// !$*UTF8*$!
{
	archiveVersion = 1;
	classes = {
	};
	objectVersion = 46;
	objects = {

/* Begin PBXBuildFile section */
		A4DF4A7471EF6180A44DA7EE /* libPods-JHW_runtime.a in Frameworks */ = {isa = PBXBuildFile; fileRef = B830A1343A22E1A27BB1137B /* libPods-JHW_runtime.a */; };
		B1A9487E1E70EE0200F9F612 /* main.m in Sources */ = {isa = PBXBuildFile; fileRef = B1A9487D1E70EE0200F9F612 /* main.m */; };
		B1A948811E70EE0200F9F612 /* AppDelegate.m in Sources */ = {isa = PBXBuildFile; fileRef = B1A948801E70EE0200F9F612 /* AppDelegate.m */; };
		B1A948841E70EE0200F9F612 /* ViewController.m in Sources */ = {isa = PBXBuildFile; fileRef = B1A948831E70EE0200F9F612 /* ViewController.m */; };
		B1A948871E70EE0200F9F612 /* Main.storyboard in Resources */ = {isa = PBXBuildFile; fileRef = B1A948851E70EE0200F9F612 /* Main.storyboard */; };
		B1A948891E70EE0200F9F612 /* Assets.xcassets in Resources */ = {isa = PBXBuildFile; fileRef = B1A948881E70EE0200F9F612 /* Assets.xcassets */; };
		B1A9488C1E70EE0200F9F612 /* LaunchScreen.storyboard in Resources */ = {isa = PBXBuildFile; fileRef = B1A9488A1E70EE0200F9F612 /* LaunchScreen.storyboard */; };
		B1A948971E70EE0200F9F612 /* JHW_runtimeTests.m in Sources */ = {isa = PBXBuildFile; fileRef = B1A948961E70EE0200F9F612 /* JHW_runtimeTests.m */; };
		B1A948A21E70EE0200F9F612 /* JHW_runtimeUITests.m in Sources */ = {isa = PBXBuildFile; fileRef = B1A948A11E70EE0200F9F612 /* JHW_runtimeUITests.m */; };
		B1A948B11E70EE1900F9F612 /* RuntimeKit.m in Sources */ = {isa = PBXBuildFile; fileRef = B1A948B01E70EE1900F9F612 /* RuntimeKit.m */; };
		B1A948B51E71217800F9F612 /* Person.m in Sources */ = {isa = PBXBuildFile; fileRef = B1A948B41E71217800F9F612 /* Person.m */; };
/* End PBXBuildFile section */

/* Begin PBXContainerItemProxy section */
		B1A948931E70EE0200F9F612 /* PBXContainerItemProxy */ = {
			isa = PBXContainerItemProxy;
			containerPortal = B1A948711E70EE0200F9F612 /* Project object */;
			proxyType = 1;
			remoteGlobalIDString = B1A948781E70EE0200F9F612;
			remoteInfo = JHW_runtime;
		};
		B1A9489E1E70EE0200F9F612 /* PBXContainerItemProxy */ = {
			isa = PBXContainerItemProxy;
			containerPortal = B1A948711E70EE0200F9F612 /* Project object */;
			proxyType = 1;
			remoteGlobalIDString = B1A948781E70EE0200F9F612;
			remoteInfo = JHW_runtime;
		};
/* End PBXContainerItemProxy section */

/* Begin PBXFileReference section */
		07CD293BDBC8D4C618127292 /* Pods-JHW_runtime.release.xcconfig */ = {isa = PBXFileReference; includeInIndex = 1; lastKnownFileType = text.xcconfig; name = "Pods-JHW_runtime.release.xcconfig"; path = "Pods/Target Support Files/Pods-JHW_runtime/Pods-JHW_runtime.release.xcconfig"; sourceTree = "<group>"; };
		B1A948791E70EE0200F9F612 /* JHW_runtime.app */ = {isa = PBXFileReference; explicitFileType = wrapper.application; includeInIndex = 0; path = JHW_runtime.app; sourceTree = BUILT_PRODUCTS_DIR; };
		B1A9487D1E70EE0200F9F612 /* main.m */ = {isa = PBXFileReference; lastKnownFileType = sourcecode.c.objc; path = main.m; sourceTree = "<group>"; };
		B1A9487F1E70EE0200F9F612 /* AppDelegate.h */ = {isa = PBXFileReference; lastKnownFileType = sourcecode.c.h; path = AppDelegate.h; sourceTree = "<group>"; };
		B1A948801E70EE0200F9F612 /* AppDelegate.m */ = {isa = PBXFileReference; lastKnownFileType = sourcecode.c.objc; path = AppDelegate.m; sourceTree = "<group>"; };
		B1A948821E70EE0200F9F612 /* ViewController.h */ = {isa = PBXFileReference; lastKnownFileType = sourcecode.c.h; path = ViewController.h; sourceTree = "<group>"; };
		B1A948831E70EE0200F9F612 /* ViewController.m */ = {isa = PBXFileReference; lastKnownFileType = sourcecode.c.objc; path = ViewController.m; sourceTree = "<group>"; };
		B1A948861E70EE0200F9F612 /* Base */ = {isa = PBXFileReference; lastKnownFileType = file.storyboard; name = Base; path = Base.lproj/Main.storyboard; sourceTree = "<group>"; };
		B1A948881E70EE0200F9F612 /* Assets.xcassets */ = {isa = PBXFileReference; lastKnownFileType = folder.assetcatalog; path = Assets.xcassets; sourceTree = "<group>"; };
		B1A9488B1E70EE0200F9F612 /* Base */ = {isa = PBXFileReference; lastKnownFileType = file.storyboard; name = Base; path = Base.lproj/LaunchScreen.storyboard; sourceTree = "<group>"; };
		B1A9488D1E70EE0200F9F612 /* Info.plist */ = {isa = PBXFileReference; lastKnownFileType = text.plist.xml; path = Info.plist; sourceTree = "<group>"; };
		B1A948921E70EE0200F9F612 /* JHW_runtimeTests.xctest */ = {isa = PBXFileReference; explicitFileType = wrapper.cfbundle; includeInIndex = 0; path = JHW_runtimeTests.xctest; sourceTree = BUILT_PRODUCTS_DIR; };
		B1A948961E70EE0200F9F612 /* JHW_runtimeTests.m */ = {isa = PBXFileReference; lastKnownFileType = sourcecode.c.objc; path = JHW_runtimeTests.m; sourceTree = "<group>"; };
		B1A948981E70EE0200F9F612 /* Info.plist */ = {isa = PBXFileReference; lastKnownFileType = text.plist.xml; path = Info.plist; sourceTree = "<group>"; };
		B1A9489D1E70EE0200F9F612 /* JHW_runtimeUITests.xctest */ = {isa = PBXFileReference; explicitFileType = wrapper.cfbundle; includeInIndex = 0; path = JHW_runtimeUITests.xctest; sourceTree = BUILT_PRODUCTS_DIR; };
		B1A948A11E70EE0200F9F612 /* JHW_runtimeUITests.m */ = {isa = PBXFileReference; lastKnownFileType = sourcecode.c.objc; path = JHW_runtimeUITests.m; sourceTree = "<group>"; };
		B1A948A31E70EE0200F9F612 /* Info.plist */ = {isa = PBXFileReference; lastKnownFileType = text.plist.xml; path = Info.plist; sourceTree = "<group>"; };
		B1A948AF1E70EE1900F9F612 /* RuntimeKit.h */ = {isa = PBXFileReference; fileEncoding = 4; lastKnownFileType = sourcecode.c.h; path = RuntimeKit.h; sourceTree = "<group>"; };
		B1A948B01E70EE1900F9F612 /* RuntimeKit.m */ = {isa = PBXFileReference; fileEncoding = 4; lastKnownFileType = sourcecode.c.objc; path = RuntimeKit.m; sourceTree = "<group>"; };
		B1A948B21E7102CE00F9F612 /* PrefixHeader.pch */ = {isa = PBXFileReference; lastKnownFileType = sourcecode.c.h; path = PrefixHeader.pch; sourceTree = "<group>"; };
		B1A948B31E71217800F9F612 /* Person.h */ = {isa = PBXFileReference; fileEncoding = 4; lastKnownFileType = sourcecode.c.h; path = Person.h; sourceTree = "<group>"; };
		B1A948B41E71217800F9F612 /* Person.m */ = {isa = PBXFileReference; fileEncoding = 4; lastKnownFileType = sourcecode.c.objc; path = Person.m; sourceTree = "<group>"; };
		B830A1343A22E1A27BB1137B /* libPods-JHW_runtime.a */ = {isa = PBXFileReference; explicitFileType = archive.ar; includeInIndex = 0; path = "libPods-JHW_runtime.a"; sourceTree = BUILT_PRODUCTS_DIR; };
		CFB063911BDC88960048847A /* Pods-JHW_runtime.debug.xcconfig */ = {isa = PBXFileReference; includeInIndex = 1; lastKnownFileType = text.xcconfig; name = "Pods-JHW_runtime.debug.xcconfig"; path = "Pods/Target Support Files/Pods-JHW_runtime/Pods-JHW_runtime.debug.xcconfig"; sourceTree = "<group>"; };
/* End PBXFileReference section */

/* Begin PBXFrameworksBuildPhase section */
		B1A948761E70EE0200F9F612 /* Frameworks */ = {
			isa = PBXFrameworksBuildPhase;
			buildActionMask = 2147483647;
			files = (
				A4DF4A7471EF6180A44DA7EE /* libPods-JHW_runtime.a in Frameworks */,
			);
			runOnlyForDeploymentPostprocessing = 0;
		};
		B1A9488F1E70EE0200F9F612 /* Frameworks */ = {
			isa = PBXFrameworksBuildPhase;
			buildActionMask = 2147483647;
			files = (
			);
			runOnlyForDeploymentPostprocessing = 0;
		};
		B1A9489A1E70EE0200F9F612 /* Frameworks */ = {
			isa = PBXFrameworksBuildPhase;
			buildActionMask = 2147483647;
			files = (
			);
			runOnlyForDeploymentPostprocessing = 0;
		};
/* End PBXFrameworksBuildPhase section */

/* Begin PBXGroup section */
		690E491647426975402D571F /* Frameworks */ = {
			isa = PBXGroup;
			children = (
				B830A1343A22E1A27BB1137B /* libPods-JHW_runtime.a */,
			);
			name = Frameworks;
			sourceTree = "<group>";
		};
		B1A948701E70EE0200F9F612 = {
			isa = PBXGroup;
			children = (
				B1A9487B1E70EE0200F9F612 /* JHW_runtime */,
				B1A948951E70EE0200F9F612 /* JHW_runtimeTests */,
				B1A948A01E70EE0200F9F612 /* JHW_runtimeUITests */,
				B1A9487A1E70EE0200F9F612 /* Products */,
				F6B186B04AC83899C17F648D /* Pods */,
				690E491647426975402D571F /* Frameworks */,
			);
			sourceTree = "<group>";
		};
		B1A9487A1E70EE0200F9F612 /* Products */ = {
			isa = PBXGroup;
			children = (
				B1A948791E70EE0200F9F612 /* JHW_runtime.app */,
				B1A948921E70EE0200F9F612 /* JHW_runtimeTests.xctest */,
				B1A9489D1E70EE0200F9F612 /* JHW_runtimeUITests.xctest */,
			);
			name = Products;
			sourceTree = "<group>";
		};
		B1A9487B1E70EE0200F9F612 /* JHW_runtime */ = {
			isa = PBXGroup;
			children = (
				B1A948B21E7102CE00F9F612 /* PrefixHeader.pch */,
				B1A948AF1E70EE1900F9F612 /* RuntimeKit.h */,
				B1A948B01E70EE1900F9F612 /* RuntimeKit.m */,
				B1A948B31E71217800F9F612 /* Person.h */,
				B1A948B41E71217800F9F612 /* Person.m */,
				B1A9487F1E70EE0200F9F612 /* AppDelegate.h */,
				B1A948801E70EE0200F9F612 /* AppDelegate.m */,
				B1A948821E70EE0200F9F612 /* ViewController.h */,
				B1A948831E70EE0200F9F612 /* ViewController.m */,
				B1A948851E70EE0200F9F612 /* Main.storyboard */,
				B1A948881E70EE0200F9F612 /* Assets.xcassets */,
				B1A9488A1E70EE0200F9F612 /* LaunchScreen.storyboard */,
				B1A9488D1E70EE0200F9F612 /* Info.plist */,
				B1A9487C1E70EE0200F9F612 /* Supporting Files */,
			);
			path = JHW_runtime;
			sourceTree = "<group>";
		};
		B1A9487C1E70EE0200F9F612 /* Supporting Files */ = {
			isa = PBXGroup;
			children = (
				B1A9487D1E70EE0200F9F612 /* main.m */,
			);
			name = "Supporting Files";
			sourceTree = "<group>";
		};
		B1A948951E70EE0200F9F612 /* JHW_runtimeTests */ = {
			isa = PBXGroup;
			children = (
				B1A948961E70EE0200F9F612 /* JHW_runtimeTests.m */,
				B1A948981E70EE0200F9F612 /* Info.plist */,
			);
			path = JHW_runtimeTests;
			sourceTree = "<group>";
		};
		B1A948A01E70EE0200F9F612 /* JHW_runtimeUITests */ = {
			isa = PBXGroup;
			children = (
				B1A948A11E70EE0200F9F612 /* JHW_runtimeUITests.m */,
				B1A948A31E70EE0200F9F612 /* Info.plist */,
			);
			path = JHW_runtimeUITests;
			sourceTree = "<group>";
		};
		F6B186B04AC83899C17F648D /* Pods */ = {
			isa = PBXGroup;
			children = (
				CFB063911BDC88960048847A /* Pods-JHW_runtime.debug.xcconfig */,
				07CD293BDBC8D4C618127292 /* Pods-JHW_runtime.release.xcconfig */,
			);
			name = Pods;
			sourceTree = "<group>";
		};
/* End PBXGroup section */

/* Begin PBXNativeTarget section */
		B1A948781E70EE0200F9F612 /* JHW_runtime */ = {
			isa = PBXNativeTarget;
			buildConfigurationList = B1A948A61E70EE0200F9F612 /* Build configuration list for PBXNativeTarget "JHW_runtime" */;
			buildPhases = (
				1DE2C37EE438698B6E2E2417 /* 📦 Check Pods Manifest.lock */,
				B1A948751E70EE0200F9F612 /* Sources */,
				B1A948761E70EE0200F9F612 /* Frameworks */,
				B1A948771E70EE0200F9F612 /* Resources */,
				C37009C987A5EE6209015EFA /* 📦 Embed Pods Frameworks */,
				B095A423A90A52222406EAAD /* 📦 Copy Pods Resources */,
			);
			buildRules = (
			);
			dependencies = (
			);
			name = JHW_runtime;
			productName = JHW_runtime;
			productReference = B1A948791E70EE0200F9F612 /* JHW_runtime.app */;
			productType = "com.apple.product-type.application";
		};
		B1A948911E70EE0200F9F612 /* JHW_runtimeTests */ = {
			isa = PBXNativeTarget;
			buildConfigurationList = B1A948A91E70EE0200F9F612 /* Build configuration list for PBXNativeTarget "JHW_runtimeTests" */;
			buildPhases = (
				B1A9488E1E70EE0200F9F612 /* Sources */,
				B1A9488F1E70EE0200F9F612 /* Frameworks */,
				B1A948901E70EE0200F9F612 /* Resources */,
			);
			buildRules = (
			);
			dependencies = (
				B1A948941E70EE0200F9F612 /* PBXTargetDependency */,
			);
			name = JHW_runtimeTests;
			productName = JHW_runtimeTests;
			productReference = B1A948921E70EE0200F9F612 /* JHW_runtimeTests.xctest */;
			productType = "com.apple.product-type.bundle.unit-test";
		};
		B1A9489C1E70EE0200F9F612 /* JHW_runtimeUITests */ = {
			isa = PBXNativeTarget;
			buildConfigurationList = B1A948AC1E70EE0200F9F612 /* Build configuration list for PBXNativeTarget "JHW_runtimeUITests" */;
			buildPhases = (
				B1A948991E70EE0200F9F612 /* Sources */,
				B1A9489A1E70EE0200F9F612 /* Frameworks */,
				B1A9489B1E70EE0200F9F612 /* Resources */,
			);
			buildRules = (
			);
			dependencies = (
				B1A9489F1E70EE0200F9F612 /* PBXTargetDependency */,
			);
			name = JHW_runtimeUITests;
			productName = JHW_runtimeUITests;
			productReference = B1A9489D1E70EE0200F9F612 /* JHW_runtimeUITests.xctest */;
			productType = "com.apple.product-type.bundle.ui-testing";
		};
/* End PBXNativeTarget section */

/* Begin PBXProject section */
		B1A948711E70EE0200F9F612 /* Project object */ = {
			isa = PBXProject;
			attributes = {
				LastUpgradeCheck = 0730;
				ORGANIZATIONNAME = JHW;
				TargetAttributes = {
					B1A948781E70EE0200F9F612 = {
						CreatedOnToolsVersion = 7.3.1;
					};
					B1A948911E70EE0200F9F612 = {
						CreatedOnToolsVersion = 7.3.1;
						TestTargetID = B1A948781E70EE0200F9F612;
					};
					B1A9489C1E70EE0200F9F612 = {
						CreatedOnToolsVersion = 7.3.1;
						TestTargetID = B1A948781E70EE0200F9F612;
					};
				};
			};
			buildConfigurationList = B1A948741E70EE0200F9F612 /* Build configuration list for PBXProject "JHW_runtime" */;
			compatibilityVersion = "Xcode 3.2";
			developmentRegion = English;
			hasScannedForEncodings = 0;
			knownRegions = (
				en,
				Base,
			);
			mainGroup = B1A948701E70EE0200F9F612;
			productRefGroup = B1A9487A1E70EE0200F9F612 /* Products */;
			projectDirPath = "";
			projectRoot = "";
			targets = (
				B1A948781E70EE0200F9F612 /* JHW_runtime */,
				B1A948911E70EE0200F9F612 /* JHW_runtimeTests */,
				B1A9489C1E70EE0200F9F612 /* JHW_runtimeUITests */,
			);
		};
/* End PBXProject section */

/* Begin PBXResourcesBuildPhase section */
		B1A948771E70EE0200F9F612 /* Resources */ = {
			isa = PBXResourcesBuildPhase;
			buildActionMask = 2147483647;
			files = (
				B1A9488C1E70EE0200F9F612 /* LaunchScreen.storyboard in Resources */,
				B1A948891E70EE0200F9F612 /* Assets.xcassets in Resources */,
				B1A948871E70EE0200F9F612 /* Main.storyboard in Resources */,
			);
			runOnlyForDeploymentPostprocessing = 0;
		};
		B1A948901E70EE0200F9F612 /* Resources */ = {
			isa = PBXResourcesBuildPhase;
			buildActionMask = 2147483647;
			files = (
			);
			runOnlyForDeploymentPostprocessing = 0;
		};
		B1A9489B1E70EE0200F9F612 /* Resources */ = {
			isa = PBXResourcesBuildPhase;
			buildActionMask = 2147483647;
			files = (
			);
			runOnlyForDeploymentPostprocessing = 0;
		};
/* End PBXResourcesBuildPhase section */

/* Begin PBXShellScriptBuildPhase section */
		1DE2C37EE438698B6E2E2417 /* 📦 Check Pods Manifest.lock */ = {
			isa = PBXShellScriptBuildPhase;
			buildActionMask = 2147483647;
			files = (
			);
			inputPaths = (
			);
			name = "📦 Check Pods Manifest.lock";
			outputPaths = (
			);
			runOnlyForDeploymentPostprocessing = 0;
			shellPath = /bin/sh;
			shellScript = "diff \"${PODS_ROOT}/../Podfile.lock\" \"${PODS_ROOT}/Manifest.lock\" > /dev/null\nif [[ $? != 0 ]] ; then\n    cat << EOM\nerror: The sandbox is not in sync with the Podfile.lock. Run 'pod install' or update your CocoaPods installation.\nEOM\n    exit 1\nfi\n";
			showEnvVarsInLog = 0;
		};
		B095A423A90A52222406EAAD /* 📦 Copy Pods Resources */ = {
			isa = PBXShellScriptBuildPhase;
			buildActionMask = 2147483647;
			files = (
			);
			inputPaths = (
			);
			name = "📦 Copy Pods Resources";
			outputPaths = (
			);
			runOnlyForDeploymentPostprocessing = 0;
			shellPath = /bin/sh;
			shellScript = "\"${SRCROOT}/Pods/Target Support Files/Pods-JHW_runtime/Pods-JHW_runtime-resources.sh\"\n";
			showEnvVarsInLog = 0;
		};
		C37009C987A5EE6209015EFA /* 📦 Embed Pods Frameworks */ = {
			isa = PBXShellScriptBuildPhase;
			buildActionMask = 2147483647;
			files = (
			);
			inputPaths = (
			);
			name = "📦 Embed Pods Frameworks";
			outputPaths = (
			);
			runOnlyForDeploymentPostprocessing = 0;
			shellPath = /bin/sh;
			shellScript = "\"${SRCROOT}/Pods/Target Support Files/Pods-JHW_runtime/Pods-JHW_runtime-frameworks.sh\"\n";
			showEnvVarsInLog = 0;
		};
/* End PBXShellScriptBuildPhase section */

/* Begin PBXSourcesBuildPhase section */
		B1A948751E70EE0200F9F612 /* Sources */ = {
			isa = PBXSourcesBuildPhase;
			buildActionMask = 2147483647;
			files = (
				B1A948841E70EE0200F9F612 /* ViewController.m in Sources */,
				B1A948811E70EE0200F9F612 /* AppDelegate.m in Sources */,
				B1A948B51E71217800F9F612 /* Person.m in Sources */,
				B1A9487E1E70EE0200F9F612 /* main.m in Sources */,
				B1A948B11E70EE1900F9F612 /* RuntimeKit.m in Sources */,
			);
			runOnlyForDeploymentPostprocessing = 0;
		};
		B1A9488E1E70EE0200F9F612 /* Sources */ = {
			isa = PBXSourcesBuildPhase;
			buildActionMask = 2147483647;
			files = (
				B1A948971E70EE0200F9F612 /* JHW_runtimeTests.m in Sources */,
			);
			runOnlyForDeploymentPostprocessing = 0;
		};
		B1A948991E70EE0200F9F612 /* Sources */ = {
			isa = PBXSourcesBuildPhase;
			buildActionMask = 2147483647;
			files = (
				B1A948A21E70EE0200F9F612 /* JHW_runtimeUITests.m in Sources */,
			);
			runOnlyForDeploymentPostprocessing = 0;
		};
/* End PBXSourcesBuildPhase section */

/* Begin PBXTargetDependency section */
		B1A948941E70EE0200F9F612 /* PBXTargetDependency */ = {
			isa = PBXTargetDependency;
			target = B1A948781E70EE0200F9F612 /* JHW_runtime */;
			targetProxy = B1A948931E70EE0200F9F612 /* PBXContainerItemProxy */;
		};
		B1A9489F1E70EE0200F9F612 /* PBXTargetDependency */ = {
			isa = PBXTargetDependency;
			target = B1A948781E70EE0200F9F612 /* JHW_runtime */;
			targetProxy = B1A9489E1E70EE0200F9F612 /* PBXContainerItemProxy */;
		};
/* End PBXTargetDependency section */

/* Begin PBXVariantGroup section */
		B1A948851E70EE0200F9F612 /* Main.storyboard */ = {
			isa = PBXVariantGroup;
			children = (
				B1A948861E70EE0200F9F612 /* Base */,
			);
			name = Main.storyboard;
			sourceTree = "<group>";
		};
		B1A9488A1E70EE0200F9F612 /* LaunchScreen.storyboard */ = {
			isa = PBXVariantGroup;
			children = (
				B1A9488B1E70EE0200F9F612 /* Base */,
			);
			name = LaunchScreen.storyboard;
			sourceTree = "<group>";
		};
/* End PBXVariantGroup section */

/* Begin XCBuildConfiguration section */
		B1A948A41E70EE0200F9F612 /* Debug */ = {
			isa = XCBuildConfiguration;
			buildSettings = {
				ALWAYS_SEARCH_USER_PATHS = NO;
				CLANG_ANALYZER_NONNULL = YES;
				CLANG_CXX_LANGUAGE_STANDARD = "gnu++0x";
				CLANG_CXX_LIBRARY = "libc++";
				CLANG_ENABLE_MODULES = YES;
				CLANG_ENABLE_OBJC_ARC = YES;
				CLANG_WARN_BOOL_CONVERSION = YES;
				CLANG_WARN_CONSTANT_CONVERSION = YES;
				CLANG_WARN_DIRECT_OBJC_ISA_USAGE = YES_ERROR;
				CLANG_WARN_EMPTY_BODY = YES;
				CLANG_WARN_ENUM_CONVERSION = YES;
				CLANG_WARN_INT_CONVERSION = YES;
				CLANG_WARN_OBJC_ROOT_CLASS = YES_ERROR;
				CLANG_WARN_UNREACHABLE_CODE = YES;
				CLANG_WARN__DUPLICATE_METHOD_MATCH = YES;
				"CODE_SIGN_IDENTITY[sdk=iphoneos*]" = "iPhone Developer";
				COPY_PHASE_STRIP = NO;
				DEBUG_INFORMATION_FORMAT = dwarf;
				ENABLE_STRICT_OBJC_MSGSEND = YES;
				ENABLE_TESTABILITY = YES;
				GCC_C_LANGUAGE_STANDARD = gnu99;
				GCC_DYNAMIC_NO_PIC = NO;
				GCC_NO_COMMON_BLOCKS = YES;
				GCC_OPTIMIZATION_LEVEL = 0;
				GCC_PREPROCESSOR_DEFINITIONS = (
					"DEBUG=1",
					"$(inherited)",
				);
				GCC_WARN_64_TO_32_BIT_CONVERSION = YES;
				GCC_WARN_ABOUT_RETURN_TYPE = YES_ERROR;
				GCC_WARN_UNDECLARED_SELECTOR = YES;
				GCC_WARN_UNINITIALIZED_AUTOS = YES_AGGRESSIVE;
				GCC_WARN_UNUSED_FUNCTION = YES;
				GCC_WARN_UNUSED_VARIABLE = YES;
				IPHONEOS_DEPLOYMENT_TARGET = 9.3;
				MTL_ENABLE_DEBUG_INFO = YES;
				ONLY_ACTIVE_ARCH = YES;
				SDKROOT = iphoneos;
				TARGETED_DEVICE_FAMILY = "1,2";
			};
			name = Debug;
		};
		B1A948A51E70EE0200F9F612 /* Release */ = {
			isa = XCBuildConfiguration;
			buildSettings = {
				ALWAYS_SEARCH_USER_PATHS = NO;
				CLANG_ANALYZER_NONNULL = YES;
				CLANG_CXX_LANGUAGE_STANDARD = "gnu++0x";
				CLANG_CXX_LIBRARY = "libc++";
				CLANG_ENABLE_MODULES = YES;
				CLANG_ENABLE_OBJC_ARC = YES;
				CLANG_WARN_BOOL_CONVERSION = YES;
				CLANG_WARN_CONSTANT_CONVERSION = YES;
				CLANG_WARN_DIRECT_OBJC_ISA_USAGE = YES_ERROR;
				CLANG_WARN_EMPTY_BODY = YES;
				CLANG_WARN_ENUM_CONVERSION = YES;
				CLANG_WARN_INT_CONVERSION = YES;
				CLANG_WARN_OBJC_ROOT_CLASS = YES_ERROR;
				CLANG_WARN_UNREACHABLE_CODE = YES;
				CLANG_WARN__DUPLICATE_METHOD_MATCH = YES;
				"CODE_SIGN_IDENTITY[sdk=iphoneos*]" = "iPhone Developer";
				COPY_PHASE_STRIP = NO;
				DEBUG_INFORMATION_FORMAT = "dwarf-with-dsym";
				ENABLE_NS_ASSERTIONS = NO;
				ENABLE_STRICT_OBJC_MSGSEND = YES;
				GCC_C_LANGUAGE_STANDARD = gnu99;
				GCC_NO_COMMON_BLOCKS = YES;
				GCC_WARN_64_TO_32_BIT_CONVERSION = YES;
				GCC_WARN_ABOUT_RETURN_TYPE = YES_ERROR;
				GCC_WARN_UNDECLARED_SELECTOR = YES;
				GCC_WARN_UNINITIALIZED_AUTOS = YES_AGGRESSIVE;
				GCC_WARN_UNUSED_FUNCTION = YES;
				GCC_WARN_UNUSED_VARIABLE = YES;
				IPHONEOS_DEPLOYMENT_TARGET = 9.3;
				MTL_ENABLE_DEBUG_INFO = NO;
				SDKROOT = iphoneos;
				TARGETED_DEVICE_FAMILY = "1,2";
				VALIDATE_PRODUCT = YES;
			};
			name = Release;
		};
		B1A948A71E70EE0200F9F612 /* Debug */ = {
			isa = XCBuildConfiguration;
			baseConfigurationReference = CFB063911BDC88960048847A /* Pods-JHW_runtime.debug.xcconfig */;
			buildSettings = {
				ASSETCATALOG_COMPILER_APPICON_NAME = AppIcon;
				GCC_PRECOMPILE_PREFIX_HEADER = YES;
				GCC_PREFIX_HEADER = "$(SRCROOT)/JHW_runtime/PrefixHeader.pch";
				INFOPLIST_FILE = JHW_runtime/Info.plist;
				LD_RUNPATH_SEARCH_PATHS = "$(inherited) @executable_path/Frameworks";
				PRODUCT_BUNDLE_IDENTIFIER = "JHW.com.JHW-runtime";
				PRODUCT_NAME = "$(TARGET_NAME)";
			};
			name = Debug;
		};
		B1A948A81E70EE0200F9F612 /* Release */ = {
			isa = XCBuildConfiguration;
			baseConfigurationReference = 07CD293BDBC8D4C618127292 /* Pods-JHW_runtime.release.xcconfig */;
			buildSettings = {
				ASSETCATALOG_COMPILER_APPICON_NAME = AppIcon;
				GCC_PRECOMPILE_PREFIX_HEADER = YES;
				GCC_PREFIX_HEADER = "$(SRCROOT)/JHW_runtime/PrefixHeader.pch";
				INFOPLIST_FILE = JHW_runtime/Info.plist;
				LD_RUNPATH_SEARCH_PATHS = "$(inherited) @executable_path/Frameworks";
				PRODUCT_BUNDLE_IDENTIFIER = "JHW.com.JHW-runtime";
				PRODUCT_NAME = "$(TARGET_NAME)";
			};
			name = Release;
		};
		B1A948AA1E70EE0200F9F612 /* Debug */ = {
			isa = XCBuildConfiguration;
			buildSettings = {
				BUNDLE_LOADER = "$(TEST_HOST)";
				INFOPLIST_FILE = JHW_runtimeTests/Info.plist;
				LD_RUNPATH_SEARCH_PATHS = "$(inherited) @executable_path/Frameworks @loader_path/Frameworks";
				PRODUCT_BUNDLE_IDENTIFIER = "JHW.com.JHW-runtimeTests";
				PRODUCT_NAME = "$(TARGET_NAME)";
				TEST_HOST = "$(BUILT_PRODUCTS_DIR)/JHW_runtime.app/JHW_runtime";
			};
			name = Debug;
		};
		B1A948AB1E70EE0200F9F612 /* Release */ = {
			isa = XCBuildConfiguration;
			buildSettings = {
				BUNDLE_LOADER = "$(TEST_HOST)";
				INFOPLIST_FILE = JHW_runtimeTests/Info.plist;
				LD_RUNPATH_SEARCH_PATHS = "$(inherited) @executable_path/Frameworks @loader_path/Frameworks";
				PRODUCT_BUNDLE_IDENTIFIER = "JHW.com.JHW-runtimeTests";
				PRODUCT_NAME = "$(TARGET_NAME)";
				TEST_HOST = "$(BUILT_PRODUCTS_DIR)/JHW_runtime.app/JHW_runtime";
			};
			name = Release;
		};
		B1A948AD1E70EE0200F9F612 /* Debug */ = {
			isa = XCBuildConfiguration;
			buildSettings = {
				INFOPLIST_FILE = JHW_runtimeUITests/Info.plist;
				LD_RUNPATH_SEARCH_PATHS = "$(inherited) @executable_path/Frameworks @loader_path/Frameworks";
				PRODUCT_BUNDLE_IDENTIFIER = "JHW.com.JHW-runtimeUITests";
				PRODUCT_NAME = "$(TARGET_NAME)";
				TEST_TARGET_NAME = JHW_runtime;
			};
			name = Debug;
		};
		B1A948AE1E70EE0200F9F612 /* Release */ = {
			isa = XCBuildConfiguration;
			buildSettings = {
				INFOPLIST_FILE = JHW_runtimeUITests/Info.plist;
				LD_RUNPATH_SEARCH_PATHS = "$(inherited) @executable_path/Frameworks @loader_path/Frameworks";
				PRODUCT_BUNDLE_IDENTIFIER = "JHW.com.JHW-runtimeUITests";
				PRODUCT_NAME = "$(TARGET_NAME)";
				TEST_TARGET_NAME = JHW_runtime;
			};
			name = Release;
		};
/* End XCBuildConfiguration section */

/* Begin XCConfigurationList section */
		B1A948741E70EE0200F9F612 /* Build configuration list for PBXProject "JHW_runtime" */ = {
			isa = XCConfigurationList;
			buildConfigurations = (
				B1A948A41E70EE0200F9F612 /* Debug */,
				B1A948A51E70EE0200F9F612 /* Release */,
			);
			defaultConfigurationIsVisible = 0;
			defaultConfigurationName = Release;
		};
		B1A948A61E70EE0200F9F612 /* Build configuration list for PBXNativeTarget "JHW_runtime" */ = {
			isa = XCConfigurationList;
			buildConfigurations = (
				B1A948A71E70EE0200F9F612 /* Debug */,
				B1A948A81E70EE0200F9F612 /* Release */,
			);
			defaultConfigurationIsVisible = 0;
			defaultConfigurationName = Release;
		};
		B1A948A91E70EE0200F9F612 /* Build configuration list for PBXNativeTarget "JHW_runtimeTests" */ = {
			isa = XCConfigurationList;
			buildConfigurations = (
				B1A948AA1E70EE0200F9F612 /* Debug */,
				B1A948AB1E70EE0200F9F612 /* Release */,
			);
			defaultConfigurationIsVisible = 0;
			defaultConfigurationName = Release;
		};
		B1A948AC1E70EE0200F9F612 /* Build configuration list for PBXNativeTarget "JHW_runtimeUITests" */ = {
			isa = XCConfigurationList;
			buildConfigurations = (
				B1A948AD1E70EE0200F9F612 /* Debug */,
				B1A948AE1E70EE0200F9F612 /* Release */,
			);
			defaultConfigurationIsVisible = 0;
			defaultConfigurationName = Release;
		};
/* End XCConfigurationList section */
	};
	rootObject = B1A948711E70EE0200F9F612 /* Project object */;
}
